<?xml version="1.0" encoding="utf-8"?>
<Project ToolsVersion="4.0" xmlns="http://schemas.microsoft.com/developer/msbuild/2003">
  <ItemGroup>
    <Filter Include="Source Files">
      <UniqueIdentifier>{4FC737F1-C7A5-4376-A066-2A32D752A2FF}</UniqueIdentifier>
      <Extensions>cpp;c;cc;cxx;def;odl;idl;hpj;bat;asm;asmx</Extensions>
    </Filter>
    <Filter Include="Header Files">
      <UniqueIdentifier>{93995380-89BD-4b04-88EB-625FBE52EBFB}</UniqueIdentifier>
      <Extensions>h;hh;hpp;hxx;hm;inl;inc;xsd</Extensions>
    </Filter>
    <Filter Include="Resource Files">
      <UniqueIdentifier>{67DA6AB6-F800-4c08-8B7A-83BB121AAD01}</UniqueIdentifier>
      <Extensions>rc;ico;cur;bmp;dlg;rc2;rct;bin;rgs;gif;jpg;jpeg;jpe;resx;tiff;tif;png;wav;mfcribbon-ms</Extensions>
    </Filter>
    <Filter Include="Source Files\Subscriber">
      <UniqueIdentifier>{4e9094be-5f5a-43b6-b9ef-b911e39fab13}</UniqueIdentifier>
    </Filter>
    <Filter Include="Source Files\Components">
      <UniqueIdentifier>{cfd77f0f-2b36-4495-baa7-b9218887b211}</UniqueIdentifier>
    </Filter>
    <Filter Include="Source Files\GameObjects">
      <UniqueIdentifier>{8ce0afe3-5a44-4ff4-aa48-2ec3a9afc595}</UniqueIdentifier>
    </Filter>
    <Filter Include="Source Files\Timers,Globals,FPS,...">
      <UniqueIdentifier>{cdd63c19-4484-4e46-8250-9aef7624ac9d}</UniqueIdentifier>
    </Filter>
    <Filter Include="Source Files\Screen">
      <UniqueIdentifier>{02e9ecd0-7627-44fc-81a9-5931a5a338ca}</UniqueIdentifier>
    </Filter>
    <Filter Include="Header Files\Component">
      <UniqueIdentifier>{ba24fbf3-7399-4a9c-bfd3-e105d72200d8}</UniqueIdentifier>
    </Filter>
    <Filter Include="Header Files\GameObjects">
      <UniqueIdentifier>{d221df95-1c5a-4fa7-b9ce-2b500542fd1f}</UniqueIdentifier>
    </Filter>
    <Filter Include="Header Files\Screen">
      <UniqueIdentifier>{ca86f1db-732a-4dfc-bc12-adbd5e101619}</UniqueIdentifier>
    </Filter>
    <Filter Include="Header Files\Timers,Globals,FPS,...">
      <UniqueIdentifier>{6666b563-9964-4b25-bbaa-9f72bdbf6bb5}</UniqueIdentifier>
    </Filter>
    <Filter Include="Header Files\Subscriber">
      <UniqueIdentifier>{def537d2-46f8-4232-b68d-4b59fccd518c}</UniqueIdentifier>
    </Filter>
  </ItemGroup>
  <ItemGroup>
    <ClCompile Include="Main.cpp">
      <Filter>Source Files</Filter>
    </ClCompile>
    <ClCompile Include="Game.cpp">
      <Filter>Source Files</Filter>
    </ClCompile>
    <ClCompile Include="Input.cpp">
      <Filter>Source Files</Filter>
    </ClCompile>
    <ClCompile Include="Event.cpp">
      <Filter>Source Files</Filter>
    </ClCompile>
    <ClCompile Include="ISubscriber.cpp">
      <Filter>Source Files\Subscriber</Filter>
    </ClCompile>
    <ClCompile Include="Subscriber.cpp">
      <Filter>Source Files\Subscriber</Filter>
    </ClCompile>
    <ClCompile Include="GameObject.cpp">
      <Filter>Source Files\GameObjects</Filter>
    </ClCompile>
    <ClCompile Include="Paddle.cpp">
      <Filter>Source Files\GameObjects</Filter>
    </ClCompile>
    <ClCompile Include="Ball.cpp">
      <Filter>Source Files\GameObjects</Filter>
    </ClCompile>
    <ClCompile Include="Sprite.cpp">
      <Filter>Source Files\Components</Filter>
    </ClCompile>
    <ClCompile Include="Collider.cpp">
      <Filter>Source Files\Components</Filter>
    </ClCompile>
    <ClCompile Include="Physics.cpp">
      <Filter>Source Files\Components</Filter>
    </ClCompile>
    <ClCompile Include="Force.cpp">
      <Filter>Source Files\Components</Filter>
    </ClCompile>
    <ClCompile Include="Controler.cpp">
      <Filter>Source Files\Components</Filter>
    </ClCompile>
    <ClCompile Include="GlobalStuff.cpp">
      <Filter>Source Files\Timers,Globals,FPS,...</Filter>
    </ClCompile>
    <ClCompile Include="FunctionCallTracker.cpp">
      <Filter>Source Files\Timers,Globals,FPS,...</Filter>
    </ClCompile>
    <ClCompile Include="FPSTimer.cpp">
      <Filter>Source Files\Timers,Globals,FPS,...</Filter>
    </ClCompile>
    <ClCompile Include="Timer.cpp">
      <Filter>Source Files</Filter>
    </ClCompile>
    <ClCompile Include="Screen.cpp">
      <Filter>Source Files\Screen</Filter>
    </ClCompile>
    <ClCompile Include="ScreenGame.cpp">
      <Filter>Source Files\Screen</Filter>
    </ClCompile>
    <ClCompile Include="ScreenMenu.cpp">
      <Filter>Source Files\Screen</Filter>
    </ClCompile>
    <ClCompile Include="Upgrade.cpp">
      <Filter>Source Files\GameObjects</Filter>
    </ClCompile>
    <ClCompile Include="Button.cpp">
      <Filter>Source Files\GameObjects</Filter>
    </ClCompile>
    <ClCompile Include="EffectOnPickup.cpp">
      <Filter>Source Files\GameObjects</Filter>
    </ClCompile>
    <ClCompile Include="PointsLayer.cpp">
      <Filter>Source Files</Filter>
    </ClCompile>
  </ItemGroup>
  <ItemGroup>
    <ClInclude Include="Game.h">
      <Filter>Header Files</Filter>
    </ClInclude>
    <ClInclude Include="Input.h">
      <Filter>Header Files</Filter>
    </ClInclude>
    <ClInclude Include="Event.h">
      <Filter>Header Files</Filter>
    </ClInclude>
    <ClInclude Include="resource.h">
      <Filter>Header Files</Filter>
    </ClInclude>
    <ClInclude Include="Timer.h">
      <Filter>Header Files</Filter>
    </ClInclude>
    <ClInclude Include="Collider.h">
      <Filter>Header Files\Component</Filter>
    </ClInclude>
    <ClInclude Include="Controler.h">
      <Filter>Header Files\Component</Filter>
    </ClInclude>
    <ClInclude Include="Force.h">
      <Filter>Header Files\Component</Filter>
    </ClInclude>
    <ClInclude Include="Sprite.h">
      <Filter>Header Files\Component</Filter>
    </ClInclude>
    <ClInclude Include="Physics.h">
      <Filter>Header Files\Component</Filter>
    </ClInclude>
    <ClInclude Include="Ball.h">
      <Filter>Header Files\GameObjects</Filter>
    </ClInclude>
    <ClInclude Include="Paddle.h">
      <Filter>Header Files\GameObjects</Filter>
    </ClInclude>
    <ClInclude Include="GameObject.h">
      <Filter>Header Files\GameObjects</Filter>
    </ClInclude>
    <ClInclude Include="GlobalStuff.h">
      <Filter>Header Files\Timers,Globals,FPS,...</Filter>
    </ClInclude>
    <ClInclude Include="FunctionCallTracker.h">
      <Filter>Header Files\Timers,Globals,FPS,...</Filter>
    </ClInclude>
    <ClInclude Include="FPSTimer.h">
      <Filter>Header Files\Timers,Globals,FPS,...</Filter>
    </ClInclude>
    <ClInclude Include="Subscriber.h">
      <Filter>Header Files\Subscriber</Filter>
    </ClInclude>
    <ClInclude Include="ISubscriber.h">
      <Filter>Header Files\Subscriber</Filter>
    </ClInclude>
    <ClInclude Include="Screen.h">
      <Filter>Header Files\Screen</Filter>
    </ClInclude>
    <ClInclude Include="ScreenGame.h">
      <Filter>Header Files\Screen</Filter>
    </ClInclude>
    <ClInclude Include="ScreenMenu.h">
      <Filter>Header Files\Screen</Filter>
    </ClInclude>
    <ClInclude Include="Upgrade.h">
      <Filter>Header Files\GameObjects</Filter>
    </ClInclude>
    <ClInclude Include="Button.h">
      <Filter>Header Files\GameObjects</Filter>
    </ClInclude>
    <ClInclude Include="EffectOnPickup.h">
      <Filter>Header Files\GameObjects</Filter>
    </ClInclude>
    <ClInclude Include="PointsLayer.h">
      <Filter>Header Files</Filter>
    </ClInclude>
  </ItemGroup>
  <ItemGroup>
    <ResourceCompile Include="Pong(OpenGL).rc">
      <Filter>Resource Files</Filter>
    </ResourceCompile>
  </ItemGroup>
</Project>